// !$*UTF8*$!
{
	archiveVersion = 1;
	classes = {
	};
	objectVersion = 46;
	objects = {

/* Begin PBXBuildFile section */
		5304209DCFC44713667AE8BA /* MMTableView.m in Sources */ = {isa = PBXBuildFile; fileRef = 5304282A7D26BA0F50652932 /* MMTableView.m */; };
		530421AAE16CADBBE4115749 /* MMHappyViewCenterContainer.m in Sources */ = {isa = PBXBuildFile; fileRef = 53042462B760201754E22B24 /* MMHappyViewCenterContainer.m */; };
		530422EB6D939552D82D8C5D /* MMHappyView.m in Sources */ = {isa = PBXBuildFile; fileRef = 5304214AD97A60BD85A0DAAE /* MMHappyView.m */; };
		53042378A49DCCE9B6C575E1 /* MMAutoLayoutExamplesTests.m in Sources */ = {isa = PBXBuildFile; fileRef = 530426213132B4E90F7746CA /* MMAutoLayoutExamplesTests.m */; };
		530423E6CE136A2B4AC25775 /* Foundation.framework in Frameworks */ = {isa = PBXBuildFile; fileRef = 53042AE80453BD5EED257F87 /* Foundation.framework */; };
		5304240514CEECA0E13E39AB /* MMSecondView.m in Sources */ = {isa = PBXBuildFile; fileRef = 5304223D3AA8224B6FA29033 /* MMSecondView.m */; };
		530425545C44A267A5AA8BD3 /* MMFirstViewController.m in Sources */ = {isa = PBXBuildFile; fileRef = 530423187E312C93D5436217 /* MMFirstViewController.m */; };
		53042829027DEF803B858C3D /* minion@2x.jpg in Resources */ = {isa = PBXBuildFile; fileRef = 53042B1AC57097743B749BDB /* minion@2x.jpg */; };
		53042836E3875032D41738DD /* InfoPlist.strings in Resources */ = {isa = PBXBuildFile; fileRef = 53042AF7D8AAE1CB600BBA8E /* InfoPlist.strings */; };
		5304284E8074566554F3B00B /* CoreGraphics.framework in Frameworks */ = {isa = PBXBuildFile; fileRef = 53042C0457F927A7C7749CDB /* CoreGraphics.framework */; };
		530429750D5590FB9F3CC538 /* MMExpandableComponent.m in Sources */ = {isa = PBXBuildFile; fileRef = 53042599B37B6C3CADA11E13 /* MMExpandableComponent.m */; };
		53042AA86DD889545EBD114D /* Images.xcassets in Resources */ = {isa = PBXBuildFile; fileRef = 53042ED1F564D659BAABD46C /* Images.xcassets */; };
		53042AA9A706E4386F80F707 /* UIKit.framework in Frameworks */ = {isa = PBXBuildFile; fileRef = 53042EA728BC4DFF5E47D34C /* UIKit.framework */; };
		53042AF67E752DDB2C538A27 /* MMAppDelegate.m in Sources */ = {isa = PBXBuildFile; fileRef = 530420AD2FC927E5F164F9B2 /* MMAppDelegate.m */; };
		53042B659D84AEF9DE831A69 /* Foundation.framework in Frameworks */ = {isa = PBXBuildFile; fileRef = 53042AE80453BD5EED257F87 /* Foundation.framework */; };
		53042B77FCE066C49AA4638F /* MMFirstView.xib in Resources */ = {isa = PBXBuildFile; fileRef = 5304255F4D7F1B33EDFC51DE /* MMFirstView.xib */; };
		53042C2F83CF950BA0C1DC7C /* main.m in Sources */ = {isa = PBXBuildFile; fileRef = 530429558E117BE5187B86EB /* main.m */; };
		53042CC33D6E45E78B6FA43B /* MMSecondView.xib in Resources */ = {isa = PBXBuildFile; fileRef = 53042C00786DF99B43B9591A /* MMSecondView.xib */; };
		53042D1EA056A153D83B6B89 /* InfoPlist.strings in Resources */ = {isa = PBXBuildFile; fileRef = 530424EA85A59340360FBE1A /* InfoPlist.strings */; };
		53042D2D95C7B788AD174119 /* XCTest.framework in Frameworks */ = {isa = PBXBuildFile; fileRef = 53042E0667296317CA5B399F /* XCTest.framework */; };
		53042D6E9AF23F410E121FA5 /* MMFirstView.m in Sources */ = {isa = PBXBuildFile; fileRef = 53042E539389EDE68D411A07 /* MMFirstView.m */; };
		53042E0C26082D169E579878 /* MMSecondViewController.m in Sources */ = {isa = PBXBuildFile; fileRef = 53042C34978C228743F53829 /* MMSecondViewController.m */; };
		53042F6CEF317185A10A983B /* UIKit.framework in Frameworks */ = {isa = PBXBuildFile; fileRef = 53042EA728BC4DFF5E47D34C /* UIKit.framework */; };
		790096DA1983EA3F00604D35 /* MMHappyView.xib in Resources */ = {isa = PBXBuildFile; fileRef = 790096D91983EA3F00604D35 /* MMHappyView.xib */; };
/* End PBXBuildFile section */

/* Begin PBXContainerItemProxy section */
		530426070B7CE66802E15D3E /* PBXContainerItemProxy */ = {
			isa = PBXContainerItemProxy;
			containerPortal = 53042353EED309B68E644066 /* Project object */;
			proxyType = 1;
			remoteGlobalIDString = 530420F1F48C83094995001C;
			remoteInfo = MMAutoLayoutExamples;
		};
/* End PBXContainerItemProxy section */

/* Begin PBXFileReference section */
		53042030CDCA90CBC6CB632E /* MMTableView.h */ = {isa = PBXFileReference; fileEncoding = 4; lastKnownFileType = sourcecode.c.h; path = MMTableView.h; sourceTree = "<group>"; };
		530420AD2FC927E5F164F9B2 /* MMAppDelegate.m */ = {isa = PBXFileReference; lastKnownFileType = sourcecode.c.objc; path = MMAppDelegate.m; sourceTree = "<group>"; };
		530420CA0E0C53965E87A28F /* MMAutoLayoutExamples-Prefix.pch */ = {isa = PBXFileReference; lastKnownFileType = sourcecode.c.h; path = "MMAutoLayoutExamples-Prefix.pch"; sourceTree = "<group>"; };
		530421163F51377844F931E8 /* MMFirstViewController.h */ = {isa = PBXFileReference; fileEncoding = 4; lastKnownFileType = sourcecode.c.h; path = MMFirstViewController.h; sourceTree = "<group>"; };
		5304214AD97A60BD85A0DAAE /* MMHappyView.m */ = {isa = PBXFileReference; fileEncoding = 4; lastKnownFileType = sourcecode.c.objc; path = MMHappyView.m; sourceTree = "<group>"; };
		5304223D3AA8224B6FA29033 /* MMSecondView.m */ = {isa = PBXFileReference; fileEncoding = 4; lastKnownFileType = sourcecode.c.objc; path = MMSecondView.m; sourceTree = "<group>"; };
		530422B73C23FDE8E46FBACB /* MMExpandableComponent.h */ = {isa = PBXFileReference; fileEncoding = 4; lastKnownFileType = sourcecode.c.h; path = MMExpandableComponent.h; sourceTree = "<group>"; };
		530423187E312C93D5436217 /* MMFirstViewController.m */ = {isa = PBXFileReference; fileEncoding = 4; lastKnownFileType = sourcecode.c.objc; path = MMFirstViewController.m; sourceTree = "<group>"; };
		53042462B760201754E22B24 /* MMHappyViewCenterContainer.m */ = {isa = PBXFileReference; fileEncoding = 4; lastKnownFileType = sourcecode.c.objc; path = MMHappyViewCenterContainer.m; sourceTree = "<group>"; };
		53042559F8537208E02FD872 /* MMSecondView.h */ = {isa = PBXFileReference; fileEncoding = 4; lastKnownFileType = sourcecode.c.h; path = MMSecondView.h; sourceTree = "<group>"; };
		5304255F4D7F1B33EDFC51DE /* MMFirstView.xib */ = {isa = PBXFileReference; lastKnownFileType = file.xib; path = MMFirstView.xib; sourceTree = "<group>"; };
		53042599B37B6C3CADA11E13 /* MMExpandableComponent.m */ = {isa = PBXFileReference; fileEncoding = 4; lastKnownFileType = sourcecode.c.objc; path = MMExpandableComponent.m; sourceTree = "<group>"; };
		530426213132B4E90F7746CA /* MMAutoLayoutExamplesTests.m */ = {isa = PBXFileReference; lastKnownFileType = sourcecode.c.objc; path = MMAutoLayoutExamplesTests.m; sourceTree = "<group>"; };
		530426386DE280FE1061AB45 /* en */ = {isa = PBXFileReference; lastKnownFileType = text.plist.strings; name = en; path = en.lproj/InfoPlist.strings; sourceTree = "<group>"; };
		530427797BA5253A6BEE1EDD /* MMAutoLayoutExamples-Info.plist */ = {isa = PBXFileReference; lastKnownFileType = text.plist.info; path = "MMAutoLayoutExamples-Info.plist"; sourceTree = "<group>"; };
		5304282A7D26BA0F50652932 /* MMTableView.m */ = {isa = PBXFileReference; fileEncoding = 4; lastKnownFileType = sourcecode.c.objc; path = MMTableView.m; sourceTree = "<group>"; };
		530429558E117BE5187B86EB /* main.m */ = {isa = PBXFileReference; lastKnownFileType = sourcecode.c.objc; path = main.m; sourceTree = "<group>"; };
		53042986FA46D740373E9ED4 /* MMSecondViewController.h */ = {isa = PBXFileReference; fileEncoding = 4; lastKnownFileType = sourcecode.c.h; path = MMSecondViewController.h; sourceTree = "<group>"; };
		53042A1D77E164D033DB4815 /* MMFirstView.h */ = {isa = PBXFileReference; fileEncoding = 4; lastKnownFileType = sourcecode.c.h; path = MMFirstView.h; sourceTree = "<group>"; };
		53042ABF7A37FF791702C888 /* MMHappyViewCenterContainer.h */ = {isa = PBXFileReference; fileEncoding = 4; lastKnownFileType = sourcecode.c.h; path = MMHappyViewCenterContainer.h; sourceTree = "<group>"; };
		53042AE80453BD5EED257F87 /* Foundation.framework */ = {isa = PBXFileReference; lastKnownFileType = wrapper.framework; name = Foundation.framework; path = System/Library/Frameworks/Foundation.framework; sourceTree = SDKROOT; };
		53042B1AC57097743B749BDB /* minion@2x.jpg */ = {isa = PBXFileReference; lastKnownFileType = image.jpeg; path = "minion@2x.jpg"; sourceTree = "<group>"; };
		53042BB179E973683FE1967A /* MMAutoLayoutExamplesTests-Info.plist */ = {isa = PBXFileReference; lastKnownFileType = text.plist.info; path = "MMAutoLayoutExamplesTests-Info.plist"; sourceTree = "<group>"; };
		53042C00786DF99B43B9591A /* MMSecondView.xib */ = {isa = PBXFileReference; lastKnownFileType = file.xib; path = MMSecondView.xib; sourceTree = "<group>"; };
		53042C0457F927A7C7749CDB /* CoreGraphics.framework */ = {isa = PBXFileReference; lastKnownFileType = wrapper.framework; name = CoreGraphics.framework; path = System/Library/Frameworks/CoreGraphics.framework; sourceTree = SDKROOT; };
		53042C1DF14F5D599EBA9992 /* MMAppDelegate.h */ = {isa = PBXFileReference; lastKnownFileType = sourcecode.c.h; path = MMAppDelegate.h; sourceTree = "<group>"; };
		53042C34978C228743F53829 /* MMSecondViewController.m */ = {isa = PBXFileReference; fileEncoding = 4; lastKnownFileType = sourcecode.c.objc; path = MMSecondViewController.m; sourceTree = "<group>"; };
		53042C615EC0B78E5304FFD1 /* MMAutoLayoutExamples.app */ = {isa = PBXFileReference; explicitFileType = wrapper.application; includeInIndex = 0; path = MMAutoLayoutExamples.app; sourceTree = BUILT_PRODUCTS_DIR; };
		53042CB3BC85A27916CE6285 /* en */ = {isa = PBXFileReference; lastKnownFileType = text.plist.strings; name = en; path = en.lproj/InfoPlist.strings; sourceTree = "<group>"; };
		53042D975B6FC7397B89F32B /* MMHappyView.h */ = {isa = PBXFileReference; fileEncoding = 4; lastKnownFileType = sourcecode.c.h; path = MMHappyView.h; sourceTree = "<group>"; };
		53042DFCE2DF739BD5249869 /* MMAutoLayoutExamplesTests.xctest */ = {isa = PBXFileReference; explicitFileType = wrapper.cfbundle; includeInIndex = 0; path = MMAutoLayoutExamplesTests.xctest; sourceTree = BUILT_PRODUCTS_DIR; };
		53042E0667296317CA5B399F /* XCTest.framework */ = {isa = PBXFileReference; lastKnownFileType = wrapper.framework; name = XCTest.framework; path = Library/Frameworks/XCTest.framework; sourceTree = DEVELOPER_DIR; };
		53042E539389EDE68D411A07 /* MMFirstView.m */ = {isa = PBXFileReference; fileEncoding = 4; lastKnownFileType = sourcecode.c.objc; path = MMFirstView.m; sourceTree = "<group>"; };
		53042EA728BC4DFF5E47D34C /* UIKit.framework */ = {isa = PBXFileReference; lastKnownFileType = wrapper.framework; name = UIKit.framework; path = System/Library/Frameworks/UIKit.framework; sourceTree = SDKROOT; };
		53042ED1F564D659BAABD46C /* Images.xcassets */ = {isa = PBXFileReference; lastKnownFileType = folder.assetcatalog; path = Images.xcassets; sourceTree = "<group>"; };
		790096D91983EA3F00604D35 /* MMHappyView.xib */ = {isa = PBXFileReference; fileEncoding = 4; lastKnownFileType = file.xib; path = MMHappyView.xib; sourceTree = "<group>"; };
/* End PBXFileReference section */

/* Begin PBXFrameworksBuildPhase section */
		530423C3ACB4E7ABD9F62874 /* Frameworks */ = {
			isa = PBXFrameworksBuildPhase;
			buildActionMask = 2147483647;
			files = (
				53042D2D95C7B788AD174119 /* XCTest.framework in Frameworks */,
				53042B659D84AEF9DE831A69 /* Foundation.framework in Frameworks */,
				53042AA9A706E4386F80F707 /* UIKit.framework in Frameworks */,
			);
			runOnlyForDeploymentPostprocessing = 0;
		};
		5304254E64464D1595128C3F /* Frameworks */ = {
			isa = PBXFrameworksBuildPhase;
			buildActionMask = 2147483647;
			files = (
				530423E6CE136A2B4AC25775 /* Foundation.framework in Frameworks */,
				5304284E8074566554F3B00B /* CoreGraphics.framework in Frameworks */,
				53042F6CEF317185A10A983B /* UIKit.framework in Frameworks */,
			);
			runOnlyForDeploymentPostprocessing = 0;
		};
/* End PBXFrameworksBuildPhase section */

/* Begin PBXGroup section */
		530424CE759EFA73070970BF /* Frameworks */ = {
			isa = PBXGroup;
			children = (
				53042AE80453BD5EED257F87 /* Foundation.framework */,
				53042C0457F927A7C7749CDB /* CoreGraphics.framework */,
				53042EA728BC4DFF5E47D34C /* UIKit.framework */,
				53042E0667296317CA5B399F /* XCTest.framework */,
			);
			name = Frameworks;
			sourceTree = "<group>";
		};
		53042661FA28F013C3FA239E /* Supporting Files */ = {
			isa = PBXGroup;
			children = (
				53042BB179E973683FE1967A /* MMAutoLayoutExamplesTests-Info.plist */,
				53042AF7D8AAE1CB600BBA8E /* InfoPlist.strings */,
			);
			name = "Supporting Files";
			sourceTree = "<group>";
		};
		53042911F1B5420621CF8F12 /* MMAutoLayoutExamplesTests */ = {
			isa = PBXGroup;
			children = (
				53042661FA28F013C3FA239E /* Supporting Files */,
				530426213132B4E90F7746CA /* MMAutoLayoutExamplesTests.m */,
			);
			path = MMAutoLayoutExamplesTests;
			sourceTree = "<group>";
		};
		530429DECCD4797E07D63A2F /* MMAutoLayoutExamples */ = {
			isa = PBXGroup;
			children = (
				53042CA0CF7D391E1DC8C7BB /* Supporting Files */,
				53042C1DF14F5D599EBA9992 /* MMAppDelegate.h */,
				530420AD2FC927E5F164F9B2 /* MMAppDelegate.m */,
				53042ED1F564D659BAABD46C /* Images.xcassets */,
				53042BC2B3BB25EDDDF16C85 /* First View Controller */,
				53042C34978C228743F53829 /* MMSecondViewController.m */,
				53042986FA46D740373E9ED4 /* MMSecondViewController.h */,
				53042C00786DF99B43B9591A /* MMSecondView.xib */,
				790096D91983EA3F00604D35 /* MMHappyView.xib */,
				53042B1AC57097743B749BDB /* minion@2x.jpg */,
				5304214AD97A60BD85A0DAAE /* MMHappyView.m */,
				53042D975B6FC7397B89F32B /* MMHappyView.h */,
				53042462B760201754E22B24 /* MMHappyViewCenterContainer.m */,
				53042ABF7A37FF791702C888 /* MMHappyViewCenterContainer.h */,
				5304223D3AA8224B6FA29033 /* MMSecondView.m */,
				53042559F8537208E02FD872 /* MMSecondView.h */,
			);
			path = MMAutoLayoutExamples;
			sourceTree = "<group>";
		};
		53042AD52C9AC4DD78B6634D /* Products */ = {
			isa = PBXGroup;
			children = (
				53042C615EC0B78E5304FFD1 /* MMAutoLayoutExamples.app */,
				53042DFCE2DF739BD5249869 /* MMAutoLayoutExamplesTests.xctest */,
			);
			name = Products;
			sourceTree = "<group>";
		};
		53042BC2B3BB25EDDDF16C85 /* First View Controller */ = {
			isa = PBXGroup;
			children = (
				530422B73C23FDE8E46FBACB /* MMExpandableComponent.h */,
				53042599B37B6C3CADA11E13 /* MMExpandableComponent.m */,
				53042A1D77E164D033DB4815 /* MMFirstView.h */,
				53042E539389EDE68D411A07 /* MMFirstView.m */,
				5304255F4D7F1B33EDFC51DE /* MMFirstView.xib */,
				530421163F51377844F931E8 /* MMFirstViewController.h */,
				530423187E312C93D5436217 /* MMFirstViewController.m */,
				53042030CDCA90CBC6CB632E /* MMTableView.h */,
				5304282A7D26BA0F50652932 /* MMTableView.m */,
			);
			path = "First View Controller";
			sourceTree = "<group>";
		};
		53042C1095A7684EDCCBC2AD = {
			isa = PBXGroup;
			children = (
				53042AD52C9AC4DD78B6634D /* Products */,
				530424CE759EFA73070970BF /* Frameworks */,
				530429DECCD4797E07D63A2F /* MMAutoLayoutExamples */,
				53042911F1B5420621CF8F12 /* MMAutoLayoutExamplesTests */,
			);
			sourceTree = "<group>";
		};
		53042CA0CF7D391E1DC8C7BB /* Supporting Files */ = {
			isa = PBXGroup;
			children = (
				530427797BA5253A6BEE1EDD /* MMAutoLayoutExamples-Info.plist */,
				530424EA85A59340360FBE1A /* InfoPlist.strings */,
				530429558E117BE5187B86EB /* main.m */,
				530420CA0E0C53965E87A28F /* MMAutoLayoutExamples-Prefix.pch */,
			);
			name = "Supporting Files";
			sourceTree = "<group>";
		};
/* End PBXGroup section */

/* Begin PBXNativeTarget section */
		530420F1F48C83094995001C /* MMAutoLayoutExamples */ = {
			isa = PBXNativeTarget;
			buildConfigurationList = 53042962F281C7795816DC9C /* Build configuration list for PBXNativeTarget "MMAutoLayoutExamples" */;
			buildPhases = (
				53042A23A83729F5DA719DF4 /* Sources */,
				5304254E64464D1595128C3F /* Frameworks */,
				53042031C9FB41B62E1AB0A2 /* Resources */,
			);
			buildRules = (
			);
			dependencies = (
			);
			name = MMAutoLayoutExamples;
			productName = MMAutoLayoutExamples;
			productReference = 53042C615EC0B78E5304FFD1 /* MMAutoLayoutExamples.app */;
			productType = "com.apple.product-type.application";
		};
		53042EF5FA631ADF0DB5524F /* MMAutoLayoutExamplesTests */ = {
			isa = PBXNativeTarget;
			buildConfigurationList = 530427DD5DFCD4BCE7B1D0C4 /* Build configuration list for PBXNativeTarget "MMAutoLayoutExamplesTests" */;
			buildPhases = (
				53042A426DC4B355002D1A93 /* Sources */,
				530423C3ACB4E7ABD9F62874 /* Frameworks */,
				5304255110C378FCEF391F67 /* Resources */,
			);
			buildRules = (
			);
			dependencies = (
				530423FBC804869F39B01550 /* PBXTargetDependency */,
			);
			name = MMAutoLayoutExamplesTests;
			productName = MMAutoLayoutExamplesTests;
			productReference = 53042DFCE2DF739BD5249869 /* MMAutoLayoutExamplesTests.xctest */;
			productType = "com.apple.product-type.bundle.unit-test";
		};
/* End PBXNativeTarget section */

/* Begin PBXProject section */
		53042353EED309B68E644066 /* Project object */ = {
			isa = PBXProject;
			attributes = {
				ORGANIZATIONNAME = "Marek Mościchowski";
			};
			buildConfigurationList = 53042372CDFC9429884D61BB /* Build configuration list for PBXProject "MMAutoLayoutExamples" */;
			compatibilityVersion = "Xcode 3.2";
			developmentRegion = English;
			hasScannedForEncodings = 0;
			knownRegions = (
				en,
			);
			mainGroup = 53042C1095A7684EDCCBC2AD;
			productRefGroup = 53042AD52C9AC4DD78B6634D /* Products */;
			projectDirPath = "";
			projectRoot = "";
			targets = (
				530420F1F48C83094995001C /* MMAutoLayoutExamples */,
				53042EF5FA631ADF0DB5524F /* MMAutoLayoutExamplesTests */,
			);
		};
/* End PBXProject section */

/* Begin PBXResourcesBuildPhase section */
		53042031C9FB41B62E1AB0A2 /* Resources */ = {
			isa = PBXResourcesBuildPhase;
			buildActionMask = 2147483647;
			files = (
				53042D1EA056A153D83B6B89 /* InfoPlist.strings in Resources */,
				53042AA86DD889545EBD114D /* Images.xcassets in Resources */,
				790096DA1983EA3F00604D35 /* MMHappyView.xib in Resources */,
				53042B77FCE066C49AA4638F /* MMFirstView.xib in Resources */,
				53042CC33D6E45E78B6FA43B /* MMSecondView.xib in Resources */,
				53042829027DEF803B858C3D /* minion@2x.jpg in Resources */,
			);
			runOnlyForDeploymentPostprocessing = 0;
		};
		5304255110C378FCEF391F67 /* Resources */ = {
			isa = PBXResourcesBuildPhase;
			buildActionMask = 2147483647;
			files = (
				53042836E3875032D41738DD /* InfoPlist.strings in Resources */,
			);
			runOnlyForDeploymentPostprocessing = 0;
		};
/* End PBXResourcesBuildPhase section */

/* Begin PBXSourcesBuildPhase section */
		53042A23A83729F5DA719DF4 /* Sources */ = {
			isa = PBXSourcesBuildPhase;
			buildActionMask = 2147483647;
			files = (
				53042C2F83CF950BA0C1DC7C /* main.m in Sources */,
				53042AF67E752DDB2C538A27 /* MMAppDelegate.m in Sources */,
				530429750D5590FB9F3CC538 /* MMExpandableComponent.m in Sources */,
				53042D6E9AF23F410E121FA5 /* MMFirstView.m in Sources */,
				530425545C44A267A5AA8BD3 /* MMFirstViewController.m in Sources */,
				5304209DCFC44713667AE8BA /* MMTableView.m in Sources */,
				53042E0C26082D169E579878 /* MMSecondViewController.m in Sources */,
				530422EB6D939552D82D8C5D /* MMHappyView.m in Sources */,
				530421AAE16CADBBE4115749 /* MMHappyViewCenterContainer.m in Sources */,
				5304240514CEECA0E13E39AB /* MMSecondView.m in Sources */,
			);
			runOnlyForDeploymentPostprocessing = 0;
		};
		53042A426DC4B355002D1A93 /* Sources */ = {
			isa = PBXSourcesBuildPhase;
			buildActionMask = 2147483647;
			files = (
				53042378A49DCCE9B6C575E1 /* MMAutoLayoutExamplesTests.m in Sources */,
			);
			runOnlyForDeploymentPostprocessing = 0;
		};
/* End PBXSourcesBuildPhase section */

/* Begin PBXTargetDependency section */
		530423FBC804869F39B01550 /* PBXTargetDependency */ = {
			isa = PBXTargetDependency;
			target = 530420F1F48C83094995001C /* MMAutoLayoutExamples */;
			targetProxy = 530426070B7CE66802E15D3E /* PBXContainerItemProxy */;
		};
/* End PBXTargetDependency section */

/* Begin PBXVariantGroup section */
		530424EA85A59340360FBE1A /* InfoPlist.strings */ = {
			isa = PBXVariantGroup;
			children = (
				530426386DE280FE1061AB45 /* en */,
			);
			name = InfoPlist.strings;
			sourceTree = "<group>";
		};
		53042AF7D8AAE1CB600BBA8E /* InfoPlist.strings */ = {
			isa = PBXVariantGroup;
			children = (
				53042CB3BC85A27916CE6285 /* en */,
			);
			name = InfoPlist.strings;
			sourceTree = "<group>";
		};
/* End PBXVariantGroup section */

/* Begin XCBuildConfiguration section */
		5304205812BD23DF9D463E78 /* Release */ = {
			isa = XCBuildConfiguration;
			buildSettings = {
				ASSETCATALOG_COMPILER_APPICON_NAME = AppIcon;
				ASSETCATALOG_COMPILER_LAUNCHIMAGE_NAME = LaunchImage;
				GCC_PRECOMPILE_PREFIX_HEADER = YES;
				GCC_PREFIX_HEADER = "MMAutoLayoutExamples/MMAutoLayoutExamples-Prefix.pch";
				INFOPLIST_FILE = "MMAutoLayoutExamples/MMAutoLayoutExamples-Info.plist";
				PRODUCT_NAME = "$(TARGET_NAME)";
				WRAPPER_EXTENSION = app;
			};
			name = Release;
		};
		530423FE81996435A4DB635A /* Release */ = {
			isa = XCBuildConfiguration;
			buildSettings = {
				ALWAYS_SEARCH_USER_PATHS = NO;
				CLANG_CXX_LANGUAGE_STANDARD = "gnu++0x";
				CLANG_CXX_LIBRARY = "libc++";
				CLANG_ENABLE_MODULES = YES;
				CLANG_ENABLE_OBJC_ARC = YES;
				CLANG_WARN_BOOL_CONVERSION = YES;
				CLANG_WARN_CONSTANT_CONVERSION = YES;
				CLANG_WARN_DIRECT_OBJC_ISA_USAGE = YES_ERROR;
				CLANG_WARN_EMPTY_BODY = YES;
				CLANG_WARN_ENUM_CONVERSION = YES;
				CLANG_WARN_INT_CONVERSION = YES;
				CLANG_WARN_OBJC_ROOT_CLASS = YES_ERROR;
				CLANG_WARN__DUPLICATE_METHOD_MATCH = YES;
				"CODE_SIGN_IDENTITY[sdk=iphoneos*]" = "iPhone Developer";
				COPY_PHASE_STRIP = YES;
				ENABLE_NS_ASSERTIONS = NO;
				GCC_C_LANGUAGE_STANDARD = gnu99;
				GCC_WARN_64_TO_32_BIT_CONVERSION = YES;
				GCC_WARN_ABOUT_RETURN_TYPE = YES_ERROR;
				GCC_WARN_UNDECLARED_SELECTOR = YES;
				GCC_WARN_UNINITIALIZED_AUTOS = YES_AGGRESSIVE;
				GCC_WARN_UNUSED_FUNCTION = YES;
				GCC_WARN_UNUSED_VARIABLE = YES;
				IPHONEOS_DEPLOYMENT_TARGET = 7.1;
				SDKROOT = iphoneos;
				TARGETED_DEVICE_FAMILY = "1,2";
				VALIDATE_PRODUCT = YES;
			};
			name = Release;
		};
		5304280A51591A4D7304E027 /* Debug */ = {
			isa = XCBuildConfiguration;
			buildSettings = {
				ALWAYS_SEARCH_USER_PATHS = NO;
				CLANG_CXX_LANGUAGE_STANDARD = "gnu++0x";
				CLANG_CXX_LIBRARY = "libc++";
				CLANG_ENABLE_MODULES = YES;
				CLANG_ENABLE_OBJC_ARC = YES;
				CLANG_WARN_BOOL_CONVERSION = YES;
				CLANG_WARN_CONSTANT_CONVERSION = YES;
				CLANG_WARN_DIRECT_OBJC_ISA_USAGE = YES_ERROR;
				CLANG_WARN_EMPTY_BODY = YES;
				CLANG_WARN_ENUM_CONVERSION = YES;
				CLANG_WARN_INT_CONVERSION = YES;
				CLANG_WARN_OBJC_ROOT_CLASS = YES_ERROR;
				CLANG_WARN__DUPLICATE_METHOD_MATCH = YES;
				"CODE_SIGN_IDENTITY[sdk=iphoneos*]" = "iPhone Developer";
				COPY_PHASE_STRIP = NO;
				GCC_C_LANGUAGE_STANDARD = gnu99;
				GCC_DYNAMIC_NO_PIC = NO;
				GCC_OPTIMIZATION_LEVEL = 0;
				GCC_PREPROCESSOR_DEFINITIONS = (
					"DEBUG=1",
					"$(inherited)",
				);
				GCC_SYMBOLS_PRIVATE_EXTERN = NO;
				GCC_WARN_64_TO_32_BIT_CONVERSION = YES;
				GCC_WARN_ABOUT_RETURN_TYPE = YES_ERROR;
				GCC_WARN_UNDECLARED_SELECTOR = YES;
				GCC_WARN_UNINITIALIZED_AUTOS = YES_AGGRESSIVE;
				GCC_WARN_UNUSED_FUNCTION = YES;
				GCC_WARN_UNUSED_VARIABLE = YES;
				IPHONEOS_DEPLOYMENT_TARGET = 7.1;
				ONLY_ACTIVE_ARCH = YES;
				SDKROOT = iphoneos;
				TARGETED_DEVICE_FAMILY = "1,2";
			};
			name = Debug;
		};
		53042C819B73E16DD380416D /* Debug */ = {
			isa = XCBuildConfiguration;
			buildSettings = {
				ASSETCATALOG_COMPILER_APPICON_NAME = AppIcon;
				ASSETCATALOG_COMPILER_LAUNCHIMAGE_NAME = LaunchImage;
				GCC_PRECOMPILE_PREFIX_HEADER = YES;
				GCC_PREFIX_HEADER = "MMAutoLayoutExamples/MMAutoLayoutExamples-Prefix.pch";
				INFOPLIST_FILE = "MMAutoLayoutExamples/MMAutoLayoutExamples-Info.plist";
				PRODUCT_NAME = "$(TARGET_NAME)";
				WRAPPER_EXTENSION = app;
			};
			name = Debug;
		};
		53042E92FD9F4DD6D091BD3C /* Release */ = {
			isa = XCBuildConfiguration;
			buildSettings = {
				FRAMEWORK_SEARCH_PATHS = (
					"$(SDKROOT)/Developer/Library/Frameworks",
					"$(inherited)",
				);
				GCC_PRECOMPILE_PREFIX_HEADER = YES;
				GCC_PREFIX_HEADER = "MMAutoLayoutExamples/MMAutoLayoutExamples-Prefix.pch";
				INFOPLIST_FILE = "MMAutoLayoutExamplesTests/MMAutoLayoutExamplesTests-Info.plist";
				PRODUCT_NAME = "$(TARGET_NAME)";
				WRAPPER_EXTENSION = xctest;
			};
			name = Release;
		};
		53042F6EB004FEF18B149D3B /* Debug */ = {
			isa = XCBuildConfiguration;
			buildSettings = {
				FRAMEWORK_SEARCH_PATHS = (
					"$(SDKROOT)/Developer/Library/Frameworks",
					"$(inherited)",
				);
				GCC_PRECOMPILE_PREFIX_HEADER = YES;
				GCC_PREFIX_HEADER = "MMAutoLayoutExamples/MMAutoLayoutExamples-Prefix.pch";
				INFOPLIST_FILE = "MMAutoLayoutExamplesTests/MMAutoLayoutExamplesTests-Info.plist";
				PRODUCT_NAME = "$(TARGET_NAME)";
				WRAPPER_EXTENSION = xctest;
			};
			name = Debug;
		};
/* End XCBuildConfiguration section */

/* Begin XCConfigurationList section */
		53042372CDFC9429884D61BB /* Build configuration list for PBXProject "MMAutoLayoutExamples" */ = {
			isa = XCConfigurationList;
			buildConfigurations = (
				5304280A51591A4D7304E027 /* Debug */,
				530423FE81996435A4DB635A /* Release */,
			);
			defaultConfigurationIsVisible = 0;
			defaultConfigurationName = Release;
		};
		530427DD5DFCD4BCE7B1D0C4 /* Build configuration list for PBXNativeTarget "MMAutoLayoutExamplesTests" */ = {
			isa = XCConfigurationList;
			buildConfigurations = (
				53042F6EB004FEF18B149D3B /* Debug */,
				53042E92FD9F4DD6D091BD3C /* Release */,
			);
			defaultConfigurationIsVisible = 0;
			defaultConfigurationName = Release;
		};
		53042962F281C7795816DC9C /* Build configuration list for PBXNativeTarget "MMAutoLayoutExamples" */ = {
			isa = XCConfigurationList;
			buildConfigurations = (
				53042C819B73E16DD380416D /* Debug */,
				5304205812BD23DF9D463E78 /* Release */,
			);
			defaultConfigurationIsVisible = 0;
			defaultConfigurationName = Release;
		};
/* End XCConfigurationList section */
	};
	rootObject = 53042353EED309B68E644066 /* Project object */;
}
